
Microsoft Visual Studio Solution File, Format Version 12.00
# Visual Studio Version 16
VisualStudioVersion = 16.0.29215.179
MinimumVisualStudioVersion = 10.0.40219.1
Project("{FAE04EC0-301F-11D3-BF4B-00C04F79EFBC}") = "BookShopOnline", "BookShopOnline\BookShopOnline.csproj", "{455EB727-2DE2-4ECA-819B-968B32533F43}"
EndProject
Global
	GlobalSection(SolutionConfigurationPlatforms) = preSolution
		Debug|Any CPU = Debug|Any CPU
		Release|Any CPU = Release|Any CPU
	EndGlobalSection
	GlobalSection(ProjectConfigurationPlatforms) = postSolution
		{455EB727-2DE2-4ECA-819B-968B32533F43}.Debug|Any CPU.ActiveCfg = Debug|Any CPU
		{455EB727-2DE2-4ECA-819B-968B32533F43}.Debug|Any CPU.Build.0 = Debug|Any CPU
		{455EB727-2DE2-4ECA-819B-968B32533F43}.Release|Any CPU.ActiveCfg = Release|Any CPU
		{455EB727-2DE2-4ECA-819B-968B32533F43}.Release|Any CPU.Build.0 = Release|Any CPU
	EndGlobalSection
	GlobalSection(SolutionProperties) = preSolution
		HideSolutionNode = FALSE
	EndGlobalSection
	GlobalSection(ExtensibilityGlobals) = postSolution
		SolutionGuid = {F2509491-6D88-4038-B6D4-AD8ADEBFBE76}
	EndGlobalSection
EndGlobal
